{
  "name": "-challenge1-team-laravel",
  "lockfileVersion": 2,
  "requires": true,
  "packages": {
    "": {
      "dependencies": {
        "@fontsource/syne": "^4.5.11",
        "@fontsource/tomorrow": "^4.5.10"
      }
    },
    "node_modules/@fontsource/syne": {
      "version": "4.5.11",
      "resolved": "https://registry.npmjs.org/@fontsource/syne/-/syne-4.5.11.tgz",
      "integrity": "sha512-Mh8nUytWnk3mgNyVUWN+6+tLjiLGYZyWCiM+enMfM6Zw3nMw8b3jZC8rpL1B1zBNR4U5mOMGlk9hDONG7ygVvw=="
    },
    "node_modules/@fontsource/tomorrow": {
      "version": "4.5.10",
      "resolved": "https://registry.npmjs.org/@fontsource/tomorrow/-/tomorrow-4.5.10.tgz",
      "integrity": "sha512-ECFrZw79QmkJaIZAsRTpnsIv94KYgx5ucoW6dis65Cr3uVAMewu1R06PH+cKm0Odv4yzeT9tIcVn97D15V/5qw=="
    }
  },
  "dependencies": {
    "@fontsource/syne": {
      "version": "4.5.11",
      "resolved": "https://registry.npmjs.org/@fontsource/syne/-/syne-4.5.11.tgz",
      "integrity": "sha512-Mh8nUytWnk3mgNyVUWN+6+tLjiLGYZyWCiM+enMfM6Zw3nMw8b3jZC8rpL1B1zBNR4U5mOMGlk9hDONG7ygVvw=="
    },
    "@fontsource/tomorrow": {
      "version": "4.5.10",
      "resolved": "https://registry.npmjs.org/@fontsource/tomorrow/-/tomorrow-4.5.10.tgz",
      "integrity": "sha512-ECFrZw79QmkJaIZAsRTpnsIv94KYgx5ucoW6dis65Cr3uVAMewu1R06PH+cKm0Odv4yzeT9tIcVn97D15V/5qw=="
    }
  }
}
